
Microsoft Visual Studio Solution File, Format Version 12.00
# Visual Studio Version 16
VisualStudioVersion = 16.0.32002.261
MinimumVisualStudioVersion = 10.0.40219.1
Project("{9A19103F-16F7-4668-BE54-9A1E7A4F7556}") = "Scheduling", "Scheduling\Scheduling.csproj", "{2CA3FB59-BB54-4DC1-80BC-8521C2677CC6}"
EndProject
Project("{9A19103F-16F7-4668-BE54-9A1E7A4F7556}") = "Prototype", "Prototype\Prototype.csproj", "{7F161F51-FBA4-481F-8086-729A8E08CF10}"
EndProject
Project("{FAE04EC0-301F-11D3-BF4B-00C04F79EFBC}") = "Test", "Test\Test.csproj", "{8AA402F4-A30C-4A9D-8EF7-A9D8B1800FDF}"
EndProject
Global
	GlobalSection(SolutionConfigurationPlatforms) = preSolution
		Debug|Any CPU = Debug|Any CPU
		Release|Any CPU = Release|Any CPU
	EndGlobalSection
	GlobalSection(ProjectConfigurationPlatforms) = postSolution
		{2CA3FB59-BB54-4DC1-80BC-8521C2677CC6}.Debug|Any CPU.ActiveCfg = Debug|Any CPU
		{2CA3FB59-BB54-4DC1-80BC-8521C2677CC6}.Debug|Any CPU.Build.0 = Debug|Any CPU
		{2CA3FB59-BB54-4DC1-80BC-8521C2677CC6}.Release|Any CPU.ActiveCfg = Release|Any CPU
		{2CA3FB59-BB54-4DC1-80BC-8521C2677CC6}.Release|Any CPU.Build.0 = Release|Any CPU
		{7F161F51-FBA4-481F-8086-729A8E08CF10}.Debug|Any CPU.ActiveCfg = Debug|Any CPU
		{7F161F51-FBA4-481F-8086-729A8E08CF10}.Debug|Any CPU.Build.0 = Debug|Any CPU
		{7F161F51-FBA4-481F-8086-729A8E08CF10}.Release|Any CPU.ActiveCfg = Release|Any CPU
		{7F161F51-FBA4-481F-8086-729A8E08CF10}.Release|Any CPU.Build.0 = Release|Any CPU
		{8AA402F4-A30C-4A9D-8EF7-A9D8B1800FDF}.Debug|Any CPU.ActiveCfg = Debug|Any CPU
		{8AA402F4-A30C-4A9D-8EF7-A9D8B1800FDF}.Debug|Any CPU.Build.0 = Debug|Any CPU
		{8AA402F4-A30C-4A9D-8EF7-A9D8B1800FDF}.Release|Any CPU.ActiveCfg = Release|Any CPU
		{8AA402F4-A30C-4A9D-8EF7-A9D8B1800FDF}.Release|Any CPU.Build.0 = Release|Any CPU
	EndGlobalSection
	GlobalSection(SolutionProperties) = preSolution
		HideSolutionNode = FALSE
	EndGlobalSection
	GlobalSection(ExtensibilityGlobals) = postSolution
		SolutionGuid = {C371764B-9C5A-4AB5-973B-37B946D3231A}
	EndGlobalSection
EndGlobal
